
Microsoft Visual Studio Solution File, Format Version 12.00
# Visual Studio Version 17
VisualStudioVersion = 17.5.002.0
MinimumVisualStudioVersion = 10.0.40219.1
Project("{9A19103F-16F7-4668-BE54-9A1E7A4F7556}") = ".net", ".net.csproj", "{6C587944-0037-4376-9E32-5AD84CD7F59D}"
EndProject
Global
	GlobalSection(SolutionConfigurationPlatforms) = preSolution
		Debug|Any CPU = Debug|Any CPU
		Release|Any CPU = Release|Any CPU
	EndGlobalSection
	GlobalSection(ProjectConfigurationPlatforms) = postSolution
		{6C587944-0037-4376-9E32-5AD84CD7F59D}.Debug|Any CPU.ActiveCfg = Debug|Any CPU
		{6C587944-0037-4376-9E32-5AD84CD7F59D}.Debug|Any CPU.Build.0 = Debug|Any CPU
		{6C587944-0037-4376-9E32-5AD84CD7F59D}.Release|Any CPU.ActiveCfg = Release|Any CPU
		{6C587944-0037-4376-9E32-5AD84CD7F59D}.Release|Any CPU.Build.0 = Release|Any CPU
	EndGlobalSection
	GlobalSection(SolutionProperties) = preSolution
		HideSolutionNode = FALSE
	EndGlobalSection
	GlobalSection(ExtensibilityGlobals) = postSolution
		SolutionGuid = {E8DA736F-8B23-412E-BD6D-C0BD501156DE}
	EndGlobalSection
EndGlobal
